
Microsoft Visual Studio Solution File, Format Version 12.00
# Visual Studio Version 17
VisualStudioVersion = 17.7.34024.191
MinimumVisualStudioVersion = 10.0.40219.1
Project("{9A19103F-16F7-4668-BE54-9A1E7A4F7556}") = "Sejlklub23", "Sejlklub23\Sejlklub23.csproj", "{28571119-CF33-446D-A212-E36E3D6D6A56}"
EndProject
Project("{9A19103F-16F7-4668-BE54-9A1E7A4F7556}") = "TestIt", "TestIt\TestIt.csproj", "{924851F5-CDF6-4A55-991F-8E090B4FE319}"
EndProject
Global
	GlobalSection(SolutionConfigurationPlatforms) = preSolution
		Debug|Any CPU = Debug|Any CPU
		Release|Any CPU = Release|Any CPU
	EndGlobalSection
	GlobalSection(ProjectConfigurationPlatforms) = postSolution
		{28571119-CF33-446D-A212-E36E3D6D6A56}.Debug|Any CPU.ActiveCfg = Debug|Any CPU
		{28571119-CF33-446D-A212-E36E3D6D6A56}.Debug|Any CPU.Build.0 = Debug|Any CPU
		{28571119-CF33-446D-A212-E36E3D6D6A56}.Release|Any CPU.ActiveCfg = Release|Any CPU
		{28571119-CF33-446D-A212-E36E3D6D6A56}.Release|Any CPU.Build.0 = Release|Any CPU
		{924851F5-CDF6-4A55-991F-8E090B4FE319}.Debug|Any CPU.ActiveCfg = Debug|Any CPU
		{924851F5-CDF6-4A55-991F-8E090B4FE319}.Debug|Any CPU.Build.0 = Debug|Any CPU
		{924851F5-CDF6-4A55-991F-8E090B4FE319}.Release|Any CPU.ActiveCfg = Release|Any CPU
		{924851F5-CDF6-4A55-991F-8E090B4FE319}.Release|Any CPU.Build.0 = Release|Any CPU
	EndGlobalSection
	GlobalSection(SolutionProperties) = preSolution
		HideSolutionNode = FALSE
	EndGlobalSection
	GlobalSection(ExtensibilityGlobals) = postSolution
		SolutionGuid = {A0D7E96F-EECC-4856-90CD-990B6E6B0205}
	EndGlobalSection
EndGlobal
